
Microsoft Visual Studio Solution File, Format Version 12.00
# Visual Studio Version 16
VisualStudioVersion = 16.0.30907.101
MinimumVisualStudioVersion = 10.0.40219.1
Project("{FAE04EC0-301F-11D3-BF4B-00C04F79EFBC}") = "Indexators", "Indexators\Indexators.csproj", "{7377E778-2A68-4041-8D57-F7254F7DD8EC}"
EndProject
Global
	GlobalSection(SolutionConfigurationPlatforms) = preSolution
		Debug|Any CPU = Debug|Any CPU
		Release|Any CPU = Release|Any CPU
	EndGlobalSection
	GlobalSection(ProjectConfigurationPlatforms) = postSolution
		{7377E778-2A68-4041-8D57-F7254F7DD8EC}.Debug|Any CPU.ActiveCfg = Debug|Any CPU
		{7377E778-2A68-4041-8D57-F7254F7DD8EC}.Debug|Any CPU.Build.0 = Debug|Any CPU
		{7377E778-2A68-4041-8D57-F7254F7DD8EC}.Release|Any CPU.ActiveCfg = Release|Any CPU
		{7377E778-2A68-4041-8D57-F7254F7DD8EC}.Release|Any CPU.Build.0 = Release|Any CPU
	EndGlobalSection
	GlobalSection(SolutionProperties) = preSolution
		HideSolutionNode = FALSE
	EndGlobalSection
	GlobalSection(ExtensibilityGlobals) = postSolution
		SolutionGuid = {4D2E2636-42CB-4CA1-B1B0-476D19856C2B}
	EndGlobalSection
EndGlobal
